// !$*UTF8*$!
{
	archiveVersion = 1;
	classes = {
	};
	objectVersion = 56;
	objects = {

/* Begin PBXBuildFile section */
		756F4F492C5AB87B0010DD67 /* MoviesAppApp.swift in Sources */ = {isa = PBXBuildFile; fileRef = 756F4F482C5AB87B0010DD67 /* MoviesAppApp.swift */; };
		756F4F4B2C5AB87B0010DD67 /* MoviesView.swift in Sources */ = {isa = PBXBuildFile; fileRef = 756F4F4A2C5AB87B0010DD67 /* MoviesView.swift */; };
		756F4F4F2C5AB87D0010DD67 /* Assets.xcassets in Resources */ = {isa = PBXBuildFile; fileRef = 756F4F4E2C5AB87D0010DD67 /* Assets.xcassets */; };
		756F4F522C5AB87D0010DD67 /* Preview Assets.xcassets in Resources */ = {isa = PBXBuildFile; fileRef = 756F4F512C5AB87D0010DD67 /* Preview Assets.xcassets */; };
		7570B0FA2C5BDC540064C454 /* Alamofire in Frameworks */ = {isa = PBXBuildFile; productRef = 7570B0F92C5BDC540064C454 /* Alamofire */; };
		7570B0FC2C5BE5ED0064C454 /* MovieDetailsViewModel.swift in Sources */ = {isa = PBXBuildFile; fileRef = 7570B0FB2C5BE5ED0064C454 /* MovieDetailsViewModel.swift */; };
		7570B0FE2C5BFD660064C454 /* MoviesViewModel.swift in Sources */ = {isa = PBXBuildFile; fileRef = 7570B0FD2C5BFD660064C454 /* MoviesViewModel.swift */; };
		7570B1002C5C04B30064C454 /* Container.swift in Sources */ = {isa = PBXBuildFile; fileRef = 7570B0FF2C5C04B30064C454 /* Container.swift */; };
		7570B1022C5C0E3C0064C454 /* Secrets.plist in Resources */ = {isa = PBXBuildFile; fileRef = 7570B1012C5C0E3C0064C454 /* Secrets.plist */; };
		7570B1042C5C0F050064C454 /* Secrets.swift in Sources */ = {isa = PBXBuildFile; fileRef = 7570B1032C5C0F050064C454 /* Secrets.swift */; };
		7570B1062C5C10A90064C454 /* ApiClient.swift in Sources */ = {isa = PBXBuildFile; fileRef = 7570B1052C5C10A90064C454 /* ApiClient.swift */; };
		7570B1082C5C11190064C454 /* Api.swift in Sources */ = {isa = PBXBuildFile; fileRef = 7570B1072C5C11190064C454 /* Api.swift */; };
		7570B10A2C5C130E0064C454 /* MovieListModel.swift in Sources */ = {isa = PBXBuildFile; fileRef = 7570B1092C5C130E0064C454 /* MovieListModel.swift */; };
		7570B10C2C5C16ED0064C454 /* MoviesRepository.swift in Sources */ = {isa = PBXBuildFile; fileRef = 7570B10B2C5C16ED0064C454 /* MoviesRepository.swift */; };
		7570B10E2C5C17BA0064C454 /* MoviesRepositoryImpl.swift in Sources */ = {isa = PBXBuildFile; fileRef = 7570B10D2C5C17BA0064C454 /* MoviesRepositoryImpl.swift */; };
		7570B1102C5C1A050064C454 /* MovieListMappers.swift in Sources */ = {isa = PBXBuildFile; fileRef = 7570B10F2C5C1A050064C454 /* MovieListMappers.swift */; };
		7570B1122C5C28050064C454 /* MovieDetailsModel.swift in Sources */ = {isa = PBXBuildFile; fileRef = 7570B1112C5C28050064C454 /* MovieDetailsModel.swift */; };
		7570B1142C5C29FE0064C454 /* MovieVideosModel.swift in Sources */ = {isa = PBXBuildFile; fileRef = 7570B1132C5C29FE0064C454 /* MovieVideosModel.swift */; };
		7570B1162C5C2AAA0064C454 /* MovideDetailsMappers.swift in Sources */ = {isa = PBXBuildFile; fileRef = 7570B1152C5C2AAA0064C454 /* MovideDetailsMappers.swift */; };
		7570B1182C5C2E010064C454 /* MovieVideosMappers.swift in Sources */ = {isa = PBXBuildFile; fileRef = 7570B1172C5C2E010064C454 /* MovieVideosMappers.swift */; };
		7570B11A2C5C31670064C454 /* DetailsRepository.swift in Sources */ = {isa = PBXBuildFile; fileRef = 7570B1192C5C31670064C454 /* DetailsRepository.swift */; };
		7570B11C2C5C31B80064C454 /* DetailsRepositoryImpl.swift in Sources */ = {isa = PBXBuildFile; fileRef = 7570B11B2C5C31B80064C454 /* DetailsRepositoryImpl.swift */; };
		757462F92C5AC35D00EE7C11 /* Kingfisher in Frameworks */ = {isa = PBXBuildFile; productRef = 757462F82C5AC35D00EE7C11 /* Kingfisher */; };
		757462FB2C5AD28900EE7C11 /* MovieList.swift in Sources */ = {isa = PBXBuildFile; fileRef = 757462FA2C5AD28900EE7C11 /* MovieList.swift */; };
		7574630B2C5ADEF600EE7C11 /* MovieDetailsView.swift in Sources */ = {isa = PBXBuildFile; fileRef = 7574630A2C5ADEF600EE7C11 /* MovieDetailsView.swift */; };
		7574630D2C5ADF8300EE7C11 /* MovieVideos.swift in Sources */ = {isa = PBXBuildFile; fileRef = 7574630C2C5ADF8300EE7C11 /* MovieVideos.swift */; };
		7574630F2C5AE03A00EE7C11 /* MovieDetails.swift in Sources */ = {isa = PBXBuildFile; fileRef = 7574630E2C5AE03A00EE7C11 /* MovieDetails.swift */; };
		757463122C5BC87B00EE7C11 /* DateUtils.swift in Sources */ = {isa = PBXBuildFile; fileRef = 757463112C5BC87B00EE7C11 /* DateUtils.swift */; };
		757463142C5BCF7B00EE7C11 /* Constants.swift in Sources */ = {isa = PBXBuildFile; fileRef = 757463132C5BCF7B00EE7C11 /* Constants.swift */; };
		757463172C5BD5D800EE7C11 /* Swinject in Frameworks */ = {isa = PBXBuildFile; productRef = 757463162C5BD5D800EE7C11 /* Swinject */; };
/* End PBXBuildFile section */

/* Begin PBXFileReference section */
		756F4F452C5AB87B0010DD67 /* MoviesApp.app */ = {isa = PBXFileReference; explicitFileType = wrapper.application; includeInIndex = 0; path = MoviesApp.app; sourceTree = BUILT_PRODUCTS_DIR; };
		756F4F482C5AB87B0010DD67 /* MoviesAppApp.swift */ = {isa = PBXFileReference; lastKnownFileType = sourcecode.swift; path = MoviesAppApp.swift; sourceTree = "<group>"; };
		756F4F4A2C5AB87B0010DD67 /* MoviesView.swift */ = {isa = PBXFileReference; lastKnownFileType = sourcecode.swift; path = MoviesView.swift; sourceTree = "<group>"; };
		756F4F4E2C5AB87D0010DD67 /* Assets.xcassets */ = {isa = PBXFileReference; lastKnownFileType = folder.assetcatalog; path = Assets.xcassets; sourceTree = "<group>"; };
		756F4F512C5AB87D0010DD67 /* Preview Assets.xcassets */ = {isa = PBXFileReference; lastKnownFileType = folder.assetcatalog; path = "Preview Assets.xcassets"; sourceTree = "<group>"; };
		7570B0FB2C5BE5ED0064C454 /* MovieDetailsViewModel.swift */ = {isa = PBXFileReference; lastKnownFileType = sourcecode.swift; path = MovieDetailsViewModel.swift; sourceTree = "<group>"; };
		7570B0FD2C5BFD660064C454 /* MoviesViewModel.swift */ = {isa = PBXFileReference; lastKnownFileType = sourcecode.swift; path = MoviesViewModel.swift; sourceTree = "<group>"; };
		7570B0FF2C5C04B30064C454 /* Container.swift */ = {isa = PBXFileReference; lastKnownFileType = sourcecode.swift; path = Container.swift; sourceTree = "<group>"; };
		7570B1012C5C0E3C0064C454 /* Secrets.plist */ = {isa = PBXFileReference; lastKnownFileType = text.plist.xml; path = Secrets.plist; sourceTree = "<group>"; };
		7570B1032C5C0F050064C454 /* Secrets.swift */ = {isa = PBXFileReference; lastKnownFileType = sourcecode.swift; path = Secrets.swift; sourceTree = "<group>"; };
		7570B1052C5C10A90064C454 /* ApiClient.swift */ = {isa = PBXFileReference; lastKnownFileType = sourcecode.swift; path = ApiClient.swift; sourceTree = "<group>"; };
		7570B1072C5C11190064C454 /* Api.swift */ = {isa = PBXFileReference; lastKnownFileType = sourcecode.swift; path = Api.swift; sourceTree = "<group>"; };
		7570B1092C5C130E0064C454 /* MovieListModel.swift */ = {isa = PBXFileReference; lastKnownFileType = sourcecode.swift; path = MovieListModel.swift; sourceTree = "<group>"; };
		7570B10B2C5C16ED0064C454 /* MoviesRepository.swift */ = {isa = PBXFileReference; lastKnownFileType = sourcecode.swift; path = MoviesRepository.swift; sourceTree = "<group>"; };
		7570B10D2C5C17BA0064C454 /* MoviesRepositoryImpl.swift */ = {isa = PBXFileReference; lastKnownFileType = sourcecode.swift; path = MoviesRepositoryImpl.swift; sourceTree = "<group>"; };
		7570B10F2C5C1A050064C454 /* MovieListMappers.swift */ = {isa = PBXFileReference; lastKnownFileType = sourcecode.swift; path = MovieListMappers.swift; sourceTree = "<group>"; };
		7570B1112C5C28050064C454 /* MovieDetailsModel.swift */ = {isa = PBXFileReference; lastKnownFileType = sourcecode.swift; path = MovieDetailsModel.swift; sourceTree = "<group>"; };
		7570B1132C5C29FE0064C454 /* MovieVideosModel.swift */ = {isa = PBXFileReference; lastKnownFileType = sourcecode.swift; path = MovieVideosModel.swift; sourceTree = "<group>"; };
		7570B1152C5C2AAA0064C454 /* MovideDetailsMappers.swift */ = {isa = PBXFileReference; lastKnownFileType = sourcecode.swift; path = MovideDetailsMappers.swift; sourceTree = "<group>"; };
		7570B1172C5C2E010064C454 /* MovieVideosMappers.swift */ = {isa = PBXFileReference; lastKnownFileType = sourcecode.swift; path = MovieVideosMappers.swift; sourceTree = "<group>"; };
		7570B1192C5C31670064C454 /* DetailsRepository.swift */ = {isa = PBXFileReference; lastKnownFileType = sourcecode.swift; path = DetailsRepository.swift; sourceTree = "<group>"; };
		7570B11B2C5C31B80064C454 /* DetailsRepositoryImpl.swift */ = {isa = PBXFileReference; lastKnownFileType = sourcecode.swift; path = DetailsRepositoryImpl.swift; sourceTree = "<group>"; };
		757462FA2C5AD28900EE7C11 /* MovieList.swift */ = {isa = PBXFileReference; lastKnownFileType = sourcecode.swift; path = MovieList.swift; sourceTree = "<group>"; };
		7574630A2C5ADEF600EE7C11 /* MovieDetailsView.swift */ = {isa = PBXFileReference; lastKnownFileType = sourcecode.swift; path = MovieDetailsView.swift; sourceTree = "<group>"; };
		7574630C2C5ADF8300EE7C11 /* MovieVideos.swift */ = {isa = PBXFileReference; lastKnownFileType = sourcecode.swift; path = MovieVideos.swift; sourceTree = "<group>"; };
		7574630E2C5AE03A00EE7C11 /* MovieDetails.swift */ = {isa = PBXFileReference; lastKnownFileType = sourcecode.swift; path = MovieDetails.swift; sourceTree = "<group>"; };
		757463112C5BC87B00EE7C11 /* DateUtils.swift */ = {isa = PBXFileReference; lastKnownFileType = sourcecode.swift; path = DateUtils.swift; sourceTree = "<group>"; };
		757463132C5BCF7B00EE7C11 /* Constants.swift */ = {isa = PBXFileReference; lastKnownFileType = sourcecode.swift; path = Constants.swift; sourceTree = "<group>"; };
/* End PBXFileReference section */

/* Begin PBXFrameworksBuildPhase section */
		756F4F422C5AB87B0010DD67 /* Frameworks */ = {
			isa = PBXFrameworksBuildPhase;
			buildActionMask = 2147483647;
			files = (
				7570B0FA2C5BDC540064C454 /* Alamofire in Frameworks */,
				757462F92C5AC35D00EE7C11 /* Kingfisher in Frameworks */,
				757463172C5BD5D800EE7C11 /* Swinject in Frameworks */,
			);
			runOnlyForDeploymentPostprocessing = 0;
		};
/* End PBXFrameworksBuildPhase section */

/* Begin PBXGroup section */
		756F4F3C2C5AB87B0010DD67 = {
			isa = PBXGroup;
			children = (
				7570B1012C5C0E3C0064C454 /* Secrets.plist */,
				756F4F472C5AB87B0010DD67 /* MoviesApp */,
				756F4F462C5AB87B0010DD67 /* Products */,
			);
			sourceTree = "<group>";
		};
		756F4F462C5AB87B0010DD67 /* Products */ = {
			isa = PBXGroup;
			children = (
				756F4F452C5AB87B0010DD67 /* MoviesApp.app */,
			);
			name = Products;
			sourceTree = "<group>";
		};
		756F4F472C5AB87B0010DD67 /* MoviesApp */ = {
			isa = PBXGroup;
			children = (
				756F4F4E2C5AB87D0010DD67 /* Assets.xcassets */,
				757462FC2C5ADCF600EE7C11 /* data */,
				757463012C5ADD2C00EE7C11 /* di */,
				757463022C5ADD3A00EE7C11 /* domain */,
				757463052C5ADD5E00EE7C11 /* presentation */,
				756F4F502C5AB87D0010DD67 /* Preview Content */,
			);
			path = MoviesApp;
			sourceTree = "<group>";
		};
		756F4F502C5AB87D0010DD67 /* Preview Content */ = {
			isa = PBXGroup;
			children = (
				756F4F512C5AB87D0010DD67 /* Preview Assets.xcassets */,
			);
			path = "Preview Content";
			sourceTree = "<group>";
		};
		757462FC2C5ADCF600EE7C11 /* data */ = {
			isa = PBXGroup;
			children = (
				757462FD2C5ADCFE00EE7C11 /* api */,
				757462FE2C5ADD0600EE7C11 /* mappers */,
				757462FF2C5ADD0F00EE7C11 /* models */,
				757463002C5ADD1600EE7C11 /* repositories */,
			);
			path = data;
			sourceTree = "<group>";
		};
		757462FD2C5ADCFE00EE7C11 /* api */ = {
			isa = PBXGroup;
			children = (
				7570B1072C5C11190064C454 /* Api.swift */,
				7570B1052C5C10A90064C454 /* ApiClient.swift */,
			);
			path = api;
			sourceTree = "<group>";
		};
		757462FE2C5ADD0600EE7C11 /* mappers */ = {
			isa = PBXGroup;
			children = (
				7570B10F2C5C1A050064C454 /* MovieListMappers.swift */,
				7570B1152C5C2AAA0064C454 /* MovideDetailsMappers.swift */,
				7570B1172C5C2E010064C454 /* MovieVideosMappers.swift */,
			);
			path = mappers;
			sourceTree = "<group>";
		};
		757462FF2C5ADD0F00EE7C11 /* models */ = {
			isa = PBXGroup;
			children = (
				7570B1092C5C130E0064C454 /* MovieListModel.swift */,
				7570B1112C5C28050064C454 /* MovieDetailsModel.swift */,
				7570B1132C5C29FE0064C454 /* MovieVideosModel.swift */,
			);
			path = models;
			sourceTree = "<group>";
		};
		757463002C5ADD1600EE7C11 /* repositories */ = {
			isa = PBXGroup;
			children = (
				7570B10D2C5C17BA0064C454 /* MoviesRepositoryImpl.swift */,
				7570B11B2C5C31B80064C454 /* DetailsRepositoryImpl.swift */,
			);
			path = repositories;
			sourceTree = "<group>";
		};
		757463012C5ADD2C00EE7C11 /* di */ = {
			isa = PBXGroup;
			children = (
				7570B0FF2C5C04B30064C454 /* Container.swift */,
			);
			path = di;
			sourceTree = "<group>";
		};
		757463022C5ADD3A00EE7C11 /* domain */ = {
			isa = PBXGroup;
			children = (
				757463032C5ADD4100EE7C11 /* models */,
				757463042C5ADD4900EE7C11 /* repositories */,
			);
			path = domain;
			sourceTree = "<group>";
		};
		757463032C5ADD4100EE7C11 /* models */ = {
			isa = PBXGroup;
			children = (
				757462FA2C5AD28900EE7C11 /* MovieList.swift */,
				7574630E2C5AE03A00EE7C11 /* MovieDetails.swift */,
				7574630C2C5ADF8300EE7C11 /* MovieVideos.swift */,
			);
			path = models;
			sourceTree = "<group>";
		};
		757463042C5ADD4900EE7C11 /* repositories */ = {
			isa = PBXGroup;
			children = (
				7570B10B2C5C16ED0064C454 /* MoviesRepository.swift */,
				7570B1192C5C31670064C454 /* DetailsRepository.swift */,
			);
			path = repositories;
			sourceTree = "<group>";
		};
		757463052C5ADD5E00EE7C11 /* presentation */ = {
			isa = PBXGroup;
			children = (
				757463062C5ADD6700EE7C11 /* ui */,
				757463102C5BC86600EE7C11 /* utils */,
			);
			path = presentation;
			sourceTree = "<group>";
		};
		757463062C5ADD6700EE7C11 /* ui */ = {
			isa = PBXGroup;
			children = (
				757463072C5ADD6E00EE7C11 /* movies */,
			);
			path = ui;
			sourceTree = "<group>";
		};
		757463072C5ADD6E00EE7C11 /* movies */ = {
			isa = PBXGroup;
			children = (
				757463082C5ADD7500EE7C11 /* detail */,
				757463092C5ADD7D00EE7C11 /* list */,
				756F4F482C5AB87B0010DD67 /* MoviesAppApp.swift */,
			);
			path = movies;
			sourceTree = "<group>";
		};
		757463082C5ADD7500EE7C11 /* detail */ = {
			isa = PBXGroup;
			children = (
				7574630A2C5ADEF600EE7C11 /* MovieDetailsView.swift */,
				7570B0FB2C5BE5ED0064C454 /* MovieDetailsViewModel.swift */,
			);
			path = detail;
			sourceTree = "<group>";
		};
		757463092C5ADD7D00EE7C11 /* list */ = {
			isa = PBXGroup;
			children = (
				756F4F4A2C5AB87B0010DD67 /* MoviesView.swift */,
				7570B0FD2C5BFD660064C454 /* MoviesViewModel.swift */,
			);
			path = list;
			sourceTree = "<group>";
		};
		757463102C5BC86600EE7C11 /* utils */ = {
			isa = PBXGroup;
			children = (
				757463132C5BCF7B00EE7C11 /* Constants.swift */,
				757463112C5BC87B00EE7C11 /* DateUtils.swift */,
				7570B1032C5C0F050064C454 /* Secrets.swift */,
			);
			path = utils;
			sourceTree = "<group>";
		};
/* End PBXGroup section */

/* Begin PBXNativeTarget section */
		756F4F442C5AB87B0010DD67 /* MoviesApp */ = {
			isa = PBXNativeTarget;
			buildConfigurationList = 756F4F552C5AB87D0010DD67 /* Build configuration list for PBXNativeTarget "MoviesApp" */;
			buildPhases = (
				756F4F412C5AB87B0010DD67 /* Sources */,
				756F4F422C5AB87B0010DD67 /* Frameworks */,
				756F4F432C5AB87B0010DD67 /* Resources */,
			);
			buildRules = (
			);
			dependencies = (
			);
			name = MoviesApp;
			packageProductDependencies = (
				757462F82C5AC35D00EE7C11 /* Kingfisher */,
				757463162C5BD5D800EE7C11 /* Swinject */,
				7570B0F92C5BDC540064C454 /* Alamofire */,
			);
			productName = MoviesApp;
			productReference = 756F4F452C5AB87B0010DD67 /* MoviesApp.app */;
			productType = "com.apple.product-type.application";
		};
/* End PBXNativeTarget section */

/* Begin PBXProject section */
		756F4F3D2C5AB87B0010DD67 /* Project object */ = {
			isa = PBXProject;
			attributes = {
				BuildIndependentTargetsInParallel = 1;
				LastSwiftUpdateCheck = 1540;
				LastUpgradeCheck = 1540;
				TargetAttributes = {
					756F4F442C5AB87B0010DD67 = {
						CreatedOnToolsVersion = 15.4;
					};
				};
			};
			buildConfigurationList = 756F4F402C5AB87B0010DD67 /* Build configuration list for PBXProject "MoviesApp" */;
			compatibilityVersion = "Xcode 14.0";
			developmentRegion = en;
			hasScannedForEncodings = 0;
			knownRegions = (
				en,
				Base,
			);
			mainGroup = 756F4F3C2C5AB87B0010DD67;
			packageReferences = (
				757462F72C5AC35D00EE7C11 /* XCRemoteSwiftPackageReference "Kingfisher" */,
				757463152C5BD5D800EE7C11 /* XCRemoteSwiftPackageReference "Swinject" */,
				7570B0F82C5BDC540064C454 /* XCRemoteSwiftPackageReference "Alamofire" */,
			);
			productRefGroup = 756F4F462C5AB87B0010DD67 /* Products */;
			projectDirPath = "";
			projectRoot = "";
			targets = (
				756F4F442C5AB87B0010DD67 /* MoviesApp */,
			);
		};
/* End PBXProject section */

/* Begin PBXResourcesBuildPhase section */
		756F4F432C5AB87B0010DD67 /* Resources */ = {
			isa = PBXResourcesBuildPhase;
			buildActionMask = 2147483647;
			files = (
				756F4F522C5AB87D0010DD67 /* Preview Assets.xcassets in Resources */,
				7570B1022C5C0E3C0064C454 /* Secrets.plist in Resources */,
				756F4F4F2C5AB87D0010DD67 /* Assets.xcassets in Resources */,
			);
			runOnlyForDeploymentPostprocessing = 0;
		};
/* End PBXResourcesBuildPhase section */

/* Begin PBXSourcesBuildPhase section */
		756F4F412C5AB87B0010DD67 /* Sources */ = {
			isa = PBXSourcesBuildPhase;
			buildActionMask = 2147483647;
			files = (
				7574630D2C5ADF8300EE7C11 /* MovieVideos.swift in Sources */,
				7570B1042C5C0F050064C454 /* Secrets.swift in Sources */,
				756F4F4B2C5AB87B0010DD67 /* MoviesView.swift in Sources */,
				757462FB2C5AD28900EE7C11 /* MovieList.swift in Sources */,
				7570B1142C5C29FE0064C454 /* MovieVideosModel.swift in Sources */,
				7570B10E2C5C17BA0064C454 /* MoviesRepositoryImpl.swift in Sources */,
				7570B10C2C5C16ED0064C454 /* MoviesRepository.swift in Sources */,
				756F4F492C5AB87B0010DD67 /* MoviesAppApp.swift in Sources */,
				757463122C5BC87B00EE7C11 /* DateUtils.swift in Sources */,
				7570B10A2C5C130E0064C454 /* MovieListModel.swift in Sources */,
				7570B1162C5C2AAA0064C454 /* MovideDetailsMappers.swift in Sources */,
				7570B1102C5C1A050064C454 /* MovieListMappers.swift in Sources */,
				7574630B2C5ADEF600EE7C11 /* MovieDetailsView.swift in Sources */,
				7570B1182C5C2E010064C454 /* MovieVideosMappers.swift in Sources */,
				7570B11C2C5C31B80064C454 /* DetailsRepositoryImpl.swift in Sources */,
				7570B11A2C5C31670064C454 /* DetailsRepository.swift in Sources */,
				7574630F2C5AE03A00EE7C11 /* MovieDetails.swift in Sources */,
				7570B1062C5C10A90064C454 /* ApiClient.swift in Sources */,
				757463142C5BCF7B00EE7C11 /* Constants.swift in Sources */,
				7570B0FC2C5BE5ED0064C454 /* MovieDetailsViewModel.swift in Sources */,
				7570B1002C5C04B30064C454 /* Container.swift in Sources */,
				7570B1082C5C11190064C454 /* Api.swift in Sources */,
				7570B1122C5C28050064C454 /* MovieDetailsModel.swift in Sources */,
				7570B0FE2C5BFD660064C454 /* MoviesViewModel.swift in Sources */,
			);
			runOnlyForDeploymentPostprocessing = 0;
		};
/* End PBXSourcesBuildPhase section */

/* Begin XCBuildConfiguration section */
		756F4F532C5AB87D0010DD67 /* Debug */ = {
			isa = XCBuildConfiguration;
			buildSettings = {
				ALWAYS_SEARCH_USER_PATHS = NO;
				ASSETCATALOG_COMPILER_GENERATE_SWIFT_ASSET_SYMBOL_EXTENSIONS = YES;
				CLANG_ANALYZER_NONNULL = YES;
				CLANG_ANALYZER_NUMBER_OBJECT_CONVERSION = YES_AGGRESSIVE;
				CLANG_CXX_LANGUAGE_STANDARD = "gnu++20";
				CLANG_ENABLE_MODULES = YES;
				CLANG_ENABLE_OBJC_ARC = YES;
				CLANG_ENABLE_OBJC_WEAK = YES;
				CLANG_WARN_BLOCK_CAPTURE_AUTORELEASING = YES;
				CLANG_WARN_BOOL_CONVERSION = YES;
				CLANG_WARN_COMMA = YES;
				CLANG_WARN_CONSTANT_CONVERSION = YES;
				CLANG_WARN_DEPRECATED_OBJC_IMPLEMENTATIONS = YES;
				CLANG_WARN_DIRECT_OBJC_ISA_USAGE = YES_ERROR;
				CLANG_WARN_DOCUMENTATION_COMMENTS = YES;
				CLANG_WARN_EMPTY_BODY = YES;
				CLANG_WARN_ENUM_CONVERSION = YES;
				CLANG_WARN_INFINITE_RECURSION = YES;
				CLANG_WARN_INT_CONVERSION = YES;
				CLANG_WARN_NON_LITERAL_NULL_CONVERSION = YES;
				CLANG_WARN_OBJC_IMPLICIT_RETAIN_SELF = YES;
				CLANG_WARN_OBJC_LITERAL_CONVERSION = YES;
				CLANG_WARN_OBJC_ROOT_CLASS = YES_ERROR;
				CLANG_WARN_QUOTED_INCLUDE_IN_FRAMEWORK_HEADER = YES;
				CLANG_WARN_RANGE_LOOP_ANALYSIS = YES;
				CLANG_WARN_STRICT_PROTOTYPES = YES;
				CLANG_WARN_SUSPICIOUS_MOVE = YES;
				CLANG_WARN_UNGUARDED_AVAILABILITY = YES_AGGRESSIVE;
				CLANG_WARN_UNREACHABLE_CODE = YES;
				CLANG_WARN__DUPLICATE_METHOD_MATCH = YES;
				COPY_PHASE_STRIP = NO;
				DEBUG_INFORMATION_FORMAT = dwarf;
				ENABLE_STRICT_OBJC_MSGSEND = YES;
				ENABLE_TESTABILITY = YES;
				ENABLE_USER_SCRIPT_SANDBOXING = YES;
				GCC_C_LANGUAGE_STANDARD = gnu17;
				GCC_DYNAMIC_NO_PIC = NO;
				GCC_NO_COMMON_BLOCKS = YES;
				GCC_OPTIMIZATION_LEVEL = 0;
				GCC_PREPROCESSOR_DEFINITIONS = (
					"DEBUG=1",
					"$(inherited)",
				);
				GCC_WARN_64_TO_32_BIT_CONVERSION = YES;
				GCC_WARN_ABOUT_RETURN_TYPE = YES_ERROR;
				GCC_WARN_UNDECLARED_SELECTOR = YES;
				GCC_WARN_UNINITIALIZED_AUTOS = YES_AGGRESSIVE;
				GCC_WARN_UNUSED_FUNCTION = YES;
				GCC_WARN_UNUSED_VARIABLE = YES;
				IPHONEOS_DEPLOYMENT_TARGET = 17.5;
				LOCALIZATION_PREFERS_STRING_CATALOGS = YES;
				MTL_ENABLE_DEBUG_INFO = INCLUDE_SOURCE;
				MTL_FAST_MATH = YES;
				ONLY_ACTIVE_ARCH = YES;
				SDKROOT = iphoneos;
				SWIFT_ACTIVE_COMPILATION_CONDITIONS = "DEBUG $(inherited)";
				SWIFT_OPTIMIZATION_LEVEL = "-Onone";
			};
			name = Debug;
		};
		756F4F542C5AB87D0010DD67 /* Release */ = {
			isa = XCBuildConfiguration;
			buildSettings = {
				ALWAYS_SEARCH_USER_PATHS = NO;
				ASSETCATALOG_COMPILER_GENERATE_SWIFT_ASSET_SYMBOL_EXTENSIONS = YES;
				CLANG_ANALYZER_NONNULL = YES;
				CLANG_ANALYZER_NUMBER_OBJECT_CONVERSION = YES_AGGRESSIVE;
				CLANG_CXX_LANGUAGE_STANDARD = "gnu++20";
				CLANG_ENABLE_MODULES = YES;
				CLANG_ENABLE_OBJC_ARC = YES;
				CLANG_ENABLE_OBJC_WEAK = YES;
				CLANG_WARN_BLOCK_CAPTURE_AUTORELEASING = YES;
				CLANG_WARN_BOOL_CONVERSION = YES;
				CLANG_WARN_COMMA = YES;
				CLANG_WARN_CONSTANT_CONVERSION = YES;
				CLANG_WARN_DEPRECATED_OBJC_IMPLEMENTATIONS = YES;
				CLANG_WARN_DIRECT_OBJC_ISA_USAGE = YES_ERROR;
				CLANG_WARN_DOCUMENTATION_COMMENTS = YES;
				CLANG_WARN_EMPTY_BODY = YES;
				CLANG_WARN_ENUM_CONVERSION = YES;
				CLANG_WARN_INFINITE_RECURSION = YES;
				CLANG_WARN_INT_CONVERSION = YES;
				CLANG_WARN_NON_LITERAL_NULL_CONVERSION = YES;
				CLANG_WARN_OBJC_IMPLICIT_RETAIN_SELF = YES;
				CLANG_WARN_OBJC_LITERAL_CONVERSION = YES;
				CLANG_WARN_OBJC_ROOT_CLASS = YES_ERROR;
				CLANG_WARN_QUOTED_INCLUDE_IN_FRAMEWORK_HEADER = YES;
				CLANG_WARN_RANGE_LOOP_ANALYSIS = YES;
				CLANG_WARN_STRICT_PROTOTYPES = YES;
				CLANG_WARN_SUSPICIOUS_MOVE = YES;
				CLANG_WARN_UNGUARDED_AVAILABILITY = YES_AGGRESSIVE;
				CLANG_WARN_UNREACHABLE_CODE = YES;
				CLANG_WARN__DUPLICATE_METHOD_MATCH = YES;
				COPY_PHASE_STRIP = NO;
				DEBUG_INFORMATION_FORMAT = "dwarf-with-dsym";
				ENABLE_NS_ASSERTIONS = NO;
				ENABLE_STRICT_OBJC_MSGSEND = YES;
				ENABLE_USER_SCRIPT_SANDBOXING = YES;
				GCC_C_LANGUAGE_STANDARD = gnu17;
				GCC_NO_COMMON_BLOCKS = YES;
				GCC_WARN_64_TO_32_BIT_CONVERSION = YES;
				GCC_WARN_ABOUT_RETURN_TYPE = YES_ERROR;
				GCC_WARN_UNDECLARED_SELECTOR = YES;
				GCC_WARN_UNINITIALIZED_AUTOS = YES_AGGRESSIVE;
				GCC_WARN_UNUSED_FUNCTION = YES;
				GCC_WARN_UNUSED_VARIABLE = YES;
				IPHONEOS_DEPLOYMENT_TARGET = 17.5;
				LOCALIZATION_PREFERS_STRING_CATALOGS = YES;
				MTL_ENABLE_DEBUG_INFO = NO;
				MTL_FAST_MATH = YES;
				SDKROOT = iphoneos;
				SWIFT_COMPILATION_MODE = wholemodule;
				VALIDATE_PRODUCT = YES;
			};
			name = Release;
		};
		756F4F562C5AB87D0010DD67 /* Debug */ = {
			isa = XCBuildConfiguration;
			buildSettings = {
				ASSETCATALOG_COMPILER_APPICON_NAME = AppIcon;
				ASSETCATALOG_COMPILER_GLOBAL_ACCENT_COLOR_NAME = AccentColor;
				CODE_SIGN_STYLE = Automatic;
				CURRENT_PROJECT_VERSION = 1;
				DEVELOPMENT_ASSET_PATHS = "\"MoviesApp/Preview Content\"";
				DEVELOPMENT_TEAM = TX9QT3297R;
				ENABLE_PREVIEWS = YES;
				GENERATE_INFOPLIST_FILE = YES;
				INFOPLIST_KEY_UIApplicationSceneManifest_Generation = YES;
				INFOPLIST_KEY_UIApplicationSupportsIndirectInputEvents = YES;
				INFOPLIST_KEY_UILaunchScreen_Generation = YES;
				INFOPLIST_KEY_UISupportedInterfaceOrientations_iPad = "UIInterfaceOrientationPortrait UIInterfaceOrientationPortraitUpsideDown UIInterfaceOrientationLandscapeLeft UIInterfaceOrientationLandscapeRight";
				INFOPLIST_KEY_UISupportedInterfaceOrientations_iPhone = "UIInterfaceOrientationPortrait UIInterfaceOrientationLandscapeLeft UIInterfaceOrientationLandscapeRight";
				LD_RUNPATH_SEARCH_PATHS = (
					"$(inherited)",
					"@executable_path/Frameworks",
				);
				MARKETING_VERSION = 1.0;
				PRODUCT_BUNDLE_IDENTIFIER = com.jcb.MoviesApp;
				PRODUCT_NAME = "$(TARGET_NAME)";
				SWIFT_EMIT_LOC_STRINGS = YES;
				SWIFT_VERSION = 5.0;
				TARGETED_DEVICE_FAMILY = "1,2";
			};
			name = Debug;
		};
		756F4F572C5AB87D0010DD67 /* Release */ = {
			isa = XCBuildConfiguration;
			buildSettings = {
				ASSETCATALOG_COMPILER_APPICON_NAME = AppIcon;
				ASSETCATALOG_COMPILER_GLOBAL_ACCENT_COLOR_NAME = AccentColor;
				CODE_SIGN_STYLE = Automatic;
				CURRENT_PROJECT_VERSION = 1;
				DEVELOPMENT_ASSET_PATHS = "\"MoviesApp/Preview Content\"";
				DEVELOPMENT_TEAM = TX9QT3297R;
				ENABLE_PREVIEWS = YES;
				GENERATE_INFOPLIST_FILE = YES;
				INFOPLIST_KEY_UIApplicationSceneManifest_Generation = YES;
				INFOPLIST_KEY_UIApplicationSupportsIndirectInputEvents = YES;
				INFOPLIST_KEY_UILaunchScreen_Generation = YES;
				INFOPLIST_KEY_UISupportedInterfaceOrientations_iPad = "UIInterfaceOrientationPortrait UIInterfaceOrientationPortraitUpsideDown UIInterfaceOrientationLandscapeLeft UIInterfaceOrientationLandscapeRight";
				INFOPLIST_KEY_UISupportedInterfaceOrientations_iPhone = "UIInterfaceOrientationPortrait UIInterfaceOrientationLandscapeLeft UIInterfaceOrientationLandscapeRight";
				LD_RUNPATH_SEARCH_PATHS = (
					"$(inherited)",
					"@executable_path/Frameworks",
				);
				MARKETING_VERSION = 1.0;
				PRODUCT_BUNDLE_IDENTIFIER = com.jcb.MoviesApp;
				PRODUCT_NAME = "$(TARGET_NAME)";
				SWIFT_EMIT_LOC_STRINGS = YES;
				SWIFT_VERSION = 5.0;
				TARGETED_DEVICE_FAMILY = "1,2";
			};
			name = Release;
		};
/* End XCBuildConfiguration section */

/* Begin XCConfigurationList section */
		756F4F402C5AB87B0010DD67 /* Build configuration list for PBXProject "MoviesApp" */ = {
			isa = XCConfigurationList;
			buildConfigurations = (
				756F4F532C5AB87D0010DD67 /* Debug */,
				756F4F542C5AB87D0010DD67 /* Release */,
			);
			defaultConfigurationIsVisible = 0;
			defaultConfigurationName = Release;
		};
		756F4F552C5AB87D0010DD67 /* Build configuration list for PBXNativeTarget "MoviesApp" */ = {
			isa = XCConfigurationList;
			buildConfigurations = (
				756F4F562C5AB87D0010DD67 /* Debug */,
				756F4F572C5AB87D0010DD67 /* Release */,
			);
			defaultConfigurationIsVisible = 0;
			defaultConfigurationName = Release;
		};
/* End XCConfigurationList section */

/* Begin XCRemoteSwiftPackageReference section */
		7570B0F82C5BDC540064C454 /* XCRemoteSwiftPackageReference "Alamofire" */ = {
			isa = XCRemoteSwiftPackageReference;
			repositoryURL = "https://github.com/Alamofire/Alamofire";
			requirement = {
				kind = upToNextMajorVersion;
				minimumVersion = 5.9.1;
			};
		};
		757462F72C5AC35D00EE7C11 /* XCRemoteSwiftPackageReference "Kingfisher" */ = {
			isa = XCRemoteSwiftPackageReference;
			repositoryURL = "https://github.com/onevcat/Kingfisher.git";
			requirement = {
				kind = exactVersion;
				version = 7.12.0;
			};
		};
		757463152C5BD5D800EE7C11 /* XCRemoteSwiftPackageReference "Swinject" */ = {
			isa = XCRemoteSwiftPackageReference;
			repositoryURL = "https://github.com/Swinject/Swinject.git";
			requirement = {
				kind = exactVersion;
				version = 2.9.1;
			};
		};
/* End XCRemoteSwiftPackageReference section */

/* Begin XCSwiftPackageProductDependency section */
		7570B0F92C5BDC540064C454 /* Alamofire */ = {
			isa = XCSwiftPackageProductDependency;
			package = 7570B0F82C5BDC540064C454 /* XCRemoteSwiftPackageReference "Alamofire" */;
			productName = Alamofire;
		};
		757462F82C5AC35D00EE7C11 /* Kingfisher */ = {
			isa = XCSwiftPackageProductDependency;
			package = 757462F72C5AC35D00EE7C11 /* XCRemoteSwiftPackageReference "Kingfisher" */;
			productName = Kingfisher;
		};
		757463162C5BD5D800EE7C11 /* Swinject */ = {
			isa = XCSwiftPackageProductDependency;
			package = 757463152C5BD5D800EE7C11 /* XCRemoteSwiftPackageReference "Swinject" */;
			productName = Swinject;
		};
/* End XCSwiftPackageProductDependency section */
	};
	rootObject = 756F4F3D2C5AB87B0010DD67 /* Project object */;
}
